
Microsoft Visual Studio Solution File, Format Version 12.00
# Visual Studio Version 16
VisualStudioVersion = 16.0.29519.181
MinimumVisualStudioVersion = 10.0.40219.1
Project("{9A19103F-16F7-4668-BE54-9A1E7A4F7556}") = "LementPro.Server.SvcTemplate.Sdk", "LementPro.Server.SvcTemplate.Sdk\LementPro.Server.SvcTemplate.Sdk.csproj", "{A2A4490A-1A6A-42B9-87F0-6D3D9C61CEF3}"
EndProject
Project("{9A19103F-16F7-4668-BE54-9A1E7A4F7556}") = "LementPro.Server.SvcTemplate.Common", "LementPro.Server.SvcTemplate.Common\LementPro.Server.SvcTemplate.Common.csproj", "{57CC0FA8-C98E-404C-BC67-AB5356F0E19D}"
EndProject
Global
	GlobalSection(SolutionConfigurationPlatforms) = preSolution
		Debug|Any CPU = Debug|Any CPU
		Release|Any CPU = Release|Any CPU
	EndGlobalSection
	GlobalSection(ProjectConfigurationPlatforms) = postSolution
		{A2A4490A-1A6A-42B9-87F0-6D3D9C61CEF3}.Debug|Any CPU.ActiveCfg = Debug|Any CPU
		{A2A4490A-1A6A-42B9-87F0-6D3D9C61CEF3}.Debug|Any CPU.Build.0 = Debug|Any CPU
		{A2A4490A-1A6A-42B9-87F0-6D3D9C61CEF3}.Release|Any CPU.ActiveCfg = Release|Any CPU
		{A2A4490A-1A6A-42B9-87F0-6D3D9C61CEF3}.Release|Any CPU.Build.0 = Release|Any CPU
		{57CC0FA8-C98E-404C-BC67-AB5356F0E19D}.Debug|Any CPU.ActiveCfg = Debug|Any CPU
		{57CC0FA8-C98E-404C-BC67-AB5356F0E19D}.Debug|Any CPU.Build.0 = Debug|Any CPU
		{57CC0FA8-C98E-404C-BC67-AB5356F0E19D}.Release|Any CPU.ActiveCfg = Release|Any CPU
		{57CC0FA8-C98E-404C-BC67-AB5356F0E19D}.Release|Any CPU.Build.0 = Release|Any CPU
	EndGlobalSection
	GlobalSection(SolutionProperties) = preSolution
		HideSolutionNode = FALSE
	EndGlobalSection
	GlobalSection(ExtensibilityGlobals) = postSolution
		SolutionGuid = {900699E7-0C65-43E8-A2F2-0B5901ECE30A}
	EndGlobalSection
EndGlobal
